// !$*UTF8*$!
{
	archiveVersion = 1;
	classes = {
	};
	objectVersion = 56;
	objects = {

/* Begin PBXBuildFile section */
		C00EFBE829FD2DB000B953F4 /* MyNotesApp.swift in Sources */ = {isa = PBXBuildFile; fileRef = C00EFBE729FD2DB000B953F4 /* MyNotesApp.swift */; };
		C00EFBEA29FD2DB000B953F4 /* ContentView.swift in Sources */ = {isa = PBXBuildFile; fileRef = C00EFBE929FD2DB000B953F4 /* ContentView.swift */; };
		C00EFBEC29FD2DB100B953F4 /* Assets.xcassets in Resources */ = {isa = PBXBuildFile; fileRef = C00EFBEB29FD2DB100B953F4 /* Assets.xcassets */; };
		C00EFBEF29FD2DB100B953F4 /* Preview Assets.xcassets in Resources */ = {isa = PBXBuildFile; fileRef = C00EFBEE29FD2DB100B953F4 /* Preview Assets.xcassets */; };
		C023950029FD31AC00B5B4BC /* LoginView.swift in Sources */ = {isa = PBXBuildFile; fileRef = C02394FF29FD31AC00B5B4BC /* LoginView.swift */; };
		C023950229FD33B800B5B4BC /* NotesView.swift in Sources */ = {isa = PBXBuildFile; fileRef = C023950129FD33B800B5B4BC /* NotesView.swift */; };
		C023950829FD376A00B5B4BC /* NoteModel.swift in Sources */ = {isa = PBXBuildFile; fileRef = C023950729FD376A00B5B4BC /* NoteModel.swift */; };
		C023950B29FD3ADC00B5B4BC /* FirebaseAuth in Frameworks */ = {isa = PBXBuildFile; productRef = C023950A29FD3ADC00B5B4BC /* FirebaseAuth */; };
		C023950D29FD3ADC00B5B4BC /* FirebaseDatabase in Frameworks */ = {isa = PBXBuildFile; productRef = C023950C29FD3ADC00B5B4BC /* FirebaseDatabase */; };
		C023950F29FD3ADC00B5B4BC /* FirebaseFirestore in Frameworks */ = {isa = PBXBuildFile; productRef = C023950E29FD3ADC00B5B4BC /* FirebaseFirestore */; };
		C023951129FD3ADC00B5B4BC /* FirebaseStorage in Frameworks */ = {isa = PBXBuildFile; productRef = C023951029FD3ADC00B5B4BC /* FirebaseStorage */; };
		C023951329FD3BB700B5B4BC /* GoogleService-Info.plist in Resources */ = {isa = PBXBuildFile; fileRef = C023951229FD3BB700B5B4BC /* GoogleService-Info.plist */; };
		C023951529FD4C9200B5B4BC /* Percent.swift in Sources */ = {isa = PBXBuildFile; fileRef = C023951429FD4C9200B5B4BC /* Percent.swift */; };
		C023951729FD59DD00B5B4BC /* AuthViewModel.swift in Sources */ = {isa = PBXBuildFile; fileRef = C023951629FD59DD00B5B4BC /* AuthViewModel.swift */; };
		C023951929FD8DC200B5B4BC /* NoteViewModel.swift in Sources */ = {isa = PBXBuildFile; fileRef = C023951829FD8DC200B5B4BC /* NoteViewModel.swift */; };
		C0BF581E29FE8C2700677FE4 /* DetailView.swift in Sources */ = {isa = PBXBuildFile; fileRef = C0BF581D29FE8C2700677FE4 /* DetailView.swift */; };
/* End PBXBuildFile section */

/* Begin PBXFileReference section */
		C00EFBE429FD2DB000B953F4 /* MyNotes.app */ = {isa = PBXFileReference; explicitFileType = wrapper.application; includeInIndex = 0; path = MyNotes.app; sourceTree = BUILT_PRODUCTS_DIR; };
		C00EFBE729FD2DB000B953F4 /* MyNotesApp.swift */ = {isa = PBXFileReference; lastKnownFileType = sourcecode.swift; path = MyNotesApp.swift; sourceTree = "<group>"; };
		C00EFBE929FD2DB000B953F4 /* ContentView.swift */ = {isa = PBXFileReference; lastKnownFileType = sourcecode.swift; path = ContentView.swift; sourceTree = "<group>"; };
		C00EFBEB29FD2DB100B953F4 /* Assets.xcassets */ = {isa = PBXFileReference; lastKnownFileType = folder.assetcatalog; path = Assets.xcassets; sourceTree = "<group>"; };
		C00EFBEE29FD2DB100B953F4 /* Preview Assets.xcassets */ = {isa = PBXFileReference; lastKnownFileType = folder.assetcatalog; path = "Preview Assets.xcassets"; sourceTree = "<group>"; };
		C02394FF29FD31AC00B5B4BC /* LoginView.swift */ = {isa = PBXFileReference; lastKnownFileType = sourcecode.swift; path = LoginView.swift; sourceTree = "<group>"; };
		C023950129FD33B800B5B4BC /* NotesView.swift */ = {isa = PBXFileReference; lastKnownFileType = sourcecode.swift; path = NotesView.swift; sourceTree = "<group>"; };
		C023950729FD376A00B5B4BC /* NoteModel.swift */ = {isa = PBXFileReference; lastKnownFileType = sourcecode.swift; path = NoteModel.swift; sourceTree = "<group>"; };
		C023951229FD3BB700B5B4BC /* GoogleService-Info.plist */ = {isa = PBXFileReference; fileEncoding = 4; lastKnownFileType = text.plist.xml; path = "GoogleService-Info.plist"; sourceTree = "<group>"; };
		C023951429FD4C9200B5B4BC /* Percent.swift */ = {isa = PBXFileReference; lastKnownFileType = sourcecode.swift; path = Percent.swift; sourceTree = "<group>"; };
		C023951629FD59DD00B5B4BC /* AuthViewModel.swift */ = {isa = PBXFileReference; lastKnownFileType = sourcecode.swift; path = AuthViewModel.swift; sourceTree = "<group>"; };
		C023951829FD8DC200B5B4BC /* NoteViewModel.swift */ = {isa = PBXFileReference; lastKnownFileType = sourcecode.swift; path = NoteViewModel.swift; sourceTree = "<group>"; };
		C0BF581D29FE8C2700677FE4 /* DetailView.swift */ = {isa = PBXFileReference; lastKnownFileType = sourcecode.swift; path = DetailView.swift; sourceTree = "<group>"; };
/* End PBXFileReference section */

/* Begin PBXFrameworksBuildPhase section */
		C00EFBE129FD2DB000B953F4 /* Frameworks */ = {
			isa = PBXFrameworksBuildPhase;
			buildActionMask = 2147483647;
			files = (
				C023950D29FD3ADC00B5B4BC /* FirebaseDatabase in Frameworks */,
				C023951129FD3ADC00B5B4BC /* FirebaseStorage in Frameworks */,
				C023950B29FD3ADC00B5B4BC /* FirebaseAuth in Frameworks */,
				C023950F29FD3ADC00B5B4BC /* FirebaseFirestore in Frameworks */,
			);
			runOnlyForDeploymentPostprocessing = 0;
		};
/* End PBXFrameworksBuildPhase section */

/* Begin PBXGroup section */
		C00EFBDB29FD2DB000B953F4 = {
			isa = PBXGroup;
			children = (
				C00EFBE629FD2DB000B953F4 /* MyNotes */,
				C00EFBE529FD2DB000B953F4 /* Products */,
			);
			sourceTree = "<group>";
		};
		C00EFBE529FD2DB000B953F4 /* Products */ = {
			isa = PBXGroup;
			children = (
				C00EFBE429FD2DB000B953F4 /* MyNotes.app */,
			);
			name = Products;
			sourceTree = "<group>";
		};
		C00EFBE629FD2DB000B953F4 /* MyNotes */ = {
			isa = PBXGroup;
			children = (
				C00EFBF729FD2DE300B953F4 /* ViewModel */,
				C00EFBF629FD2DDD00B953F4 /* View */,
				C00EFBF529FD2DD100B953F4 /* Model */,
				C00EFBE729FD2DB000B953F4 /* MyNotesApp.swift */,
				C00EFBEB29FD2DB100B953F4 /* Assets.xcassets */,
				C023951229FD3BB700B5B4BC /* GoogleService-Info.plist */,
				C00EFBED29FD2DB100B953F4 /* Preview Content */,
				C023951429FD4C9200B5B4BC /* Percent.swift */,
			);
			path = MyNotes;
			sourceTree = "<group>";
		};
		C00EFBED29FD2DB100B953F4 /* Preview Content */ = {
			isa = PBXGroup;
			children = (
				C00EFBEE29FD2DB100B953F4 /* Preview Assets.xcassets */,
			);
			path = "Preview Content";
			sourceTree = "<group>";
		};
		C00EFBF529FD2DD100B953F4 /* Model */ = {
			isa = PBXGroup;
			children = (
				C023950729FD376A00B5B4BC /* NoteModel.swift */,
			);
			path = Model;
			sourceTree = "<group>";
		};
		C00EFBF629FD2DDD00B953F4 /* View */ = {
			isa = PBXGroup;
			children = (
				C00EFBE929FD2DB000B953F4 /* ContentView.swift */,
				C02394FF29FD31AC00B5B4BC /* LoginView.swift */,
				C023950129FD33B800B5B4BC /* NotesView.swift */,
				C0BF581D29FE8C2700677FE4 /* DetailView.swift */,
			);
			path = View;
			sourceTree = "<group>";
		};
		C00EFBF729FD2DE300B953F4 /* ViewModel */ = {
			isa = PBXGroup;
			children = (
				C023951629FD59DD00B5B4BC /* AuthViewModel.swift */,
				C023951829FD8DC200B5B4BC /* NoteViewModel.swift */,
			);
			path = ViewModel;
			sourceTree = "<group>";
		};
/* End PBXGroup section */

/* Begin PBXNativeTarget section */
		C00EFBE329FD2DB000B953F4 /* MyNotes */ = {
			isa = PBXNativeTarget;
			buildConfigurationList = C00EFBF229FD2DB100B953F4 /* Build configuration list for PBXNativeTarget "MyNotes" */;
			buildPhases = (
				C00EFBE029FD2DB000B953F4 /* Sources */,
				C00EFBE129FD2DB000B953F4 /* Frameworks */,
				C00EFBE229FD2DB000B953F4 /* Resources */,
			);
			buildRules = (
			);
			dependencies = (
			);
			name = MyNotes;
			packageProductDependencies = (
				C023950A29FD3ADC00B5B4BC /* FirebaseAuth */,
				C023950C29FD3ADC00B5B4BC /* FirebaseDatabase */,
				C023950E29FD3ADC00B5B4BC /* FirebaseFirestore */,
				C023951029FD3ADC00B5B4BC /* FirebaseStorage */,
			);
			productName = MyNotes;
			productReference = C00EFBE429FD2DB000B953F4 /* MyNotes.app */;
			productType = "com.apple.product-type.application";
		};
/* End PBXNativeTarget section */

/* Begin PBXProject section */
		C00EFBDC29FD2DB000B953F4 /* Project object */ = {
			isa = PBXProject;
			attributes = {
				BuildIndependentTargetsInParallel = 1;
				LastSwiftUpdateCheck = 1420;
				LastUpgradeCheck = 1420;
				TargetAttributes = {
					C00EFBE329FD2DB000B953F4 = {
						CreatedOnToolsVersion = 14.2;
					};
				};
			};
			buildConfigurationList = C00EFBDF29FD2DB000B953F4 /* Build configuration list for PBXProject "MyNotes" */;
			compatibilityVersion = "Xcode 14.0";
			developmentRegion = en;
			hasScannedForEncodings = 0;
			knownRegions = (
				en,
				Base,
			);
			mainGroup = C00EFBDB29FD2DB000B953F4;
			packageReferences = (
				C023950929FD3ADC00B5B4BC /* XCRemoteSwiftPackageReference "firebase-ios-sdk" */,
			);
			productRefGroup = C00EFBE529FD2DB000B953F4 /* Products */;
			projectDirPath = "";
			projectRoot = "";
			targets = (
				C00EFBE329FD2DB000B953F4 /* MyNotes */,
			);
		};
/* End PBXProject section */

/* Begin PBXResourcesBuildPhase section */
		C00EFBE229FD2DB000B953F4 /* Resources */ = {
			isa = PBXResourcesBuildPhase;
			buildActionMask = 2147483647;
			files = (
				C00EFBEF29FD2DB100B953F4 /* Preview Assets.xcassets in Resources */,
				C00EFBEC29FD2DB100B953F4 /* Assets.xcassets in Resources */,
				C023951329FD3BB700B5B4BC /* GoogleService-Info.plist in Resources */,
			);
			runOnlyForDeploymentPostprocessing = 0;
		};
/* End PBXResourcesBuildPhase section */

/* Begin PBXSourcesBuildPhase section */
		C00EFBE029FD2DB000B953F4 /* Sources */ = {
			isa = PBXSourcesBuildPhase;
			buildActionMask = 2147483647;
			files = (
				C00EFBEA29FD2DB000B953F4 /* ContentView.swift in Sources */,
				C023951529FD4C9200B5B4BC /* Percent.swift in Sources */,
				C023951929FD8DC200B5B4BC /* NoteViewModel.swift in Sources */,
				C0BF581E29FE8C2700677FE4 /* DetailView.swift in Sources */,
				C023950829FD376A00B5B4BC /* NoteModel.swift in Sources */,
				C023950029FD31AC00B5B4BC /* LoginView.swift in Sources */,
				C023951729FD59DD00B5B4BC /* AuthViewModel.swift in Sources */,
				C023950229FD33B800B5B4BC /* NotesView.swift in Sources */,
				C00EFBE829FD2DB000B953F4 /* MyNotesApp.swift in Sources */,
			);
			runOnlyForDeploymentPostprocessing = 0;
		};
/* End PBXSourcesBuildPhase section */

/* Begin XCBuildConfiguration section */
		C00EFBF029FD2DB100B953F4 /* Debug */ = {
			isa = XCBuildConfiguration;
			buildSettings = {
				ALWAYS_SEARCH_USER_PATHS = NO;
				CLANG_ANALYZER_NONNULL = YES;
				CLANG_ANALYZER_NUMBER_OBJECT_CONVERSION = YES_AGGRESSIVE;
				CLANG_CXX_LANGUAGE_STANDARD = "gnu++20";
				CLANG_ENABLE_MODULES = YES;
				CLANG_ENABLE_OBJC_ARC = YES;
				CLANG_ENABLE_OBJC_WEAK = YES;
				CLANG_WARN_BLOCK_CAPTURE_AUTORELEASING = YES;
				CLANG_WARN_BOOL_CONVERSION = YES;
				CLANG_WARN_COMMA = YES;
				CLANG_WARN_CONSTANT_CONVERSION = YES;
				CLANG_WARN_DEPRECATED_OBJC_IMPLEMENTATIONS = YES;
				CLANG_WARN_DIRECT_OBJC_ISA_USAGE = YES_ERROR;
				CLANG_WARN_DOCUMENTATION_COMMENTS = YES;
				CLANG_WARN_EMPTY_BODY = YES;
				CLANG_WARN_ENUM_CONVERSION = YES;
				CLANG_WARN_INFINITE_RECURSION = YES;
				CLANG_WARN_INT_CONVERSION = YES;
				CLANG_WARN_NON_LITERAL_NULL_CONVERSION = YES;
				CLANG_WARN_OBJC_IMPLICIT_RETAIN_SELF = YES;
				CLANG_WARN_OBJC_LITERAL_CONVERSION = YES;
				CLANG_WARN_OBJC_ROOT_CLASS = YES_ERROR;
				CLANG_WARN_QUOTED_INCLUDE_IN_FRAMEWORK_HEADER = YES;
				CLANG_WARN_RANGE_LOOP_ANALYSIS = YES;
				CLANG_WARN_STRICT_PROTOTYPES = YES;
				CLANG_WARN_SUSPICIOUS_MOVE = YES;
				CLANG_WARN_UNGUARDED_AVAILABILITY = YES_AGGRESSIVE;
				CLANG_WARN_UNREACHABLE_CODE = YES;
				CLANG_WARN__DUPLICATE_METHOD_MATCH = YES;
				COPY_PHASE_STRIP = NO;
				DEBUG_INFORMATION_FORMAT = dwarf;
				ENABLE_STRICT_OBJC_MSGSEND = YES;
				ENABLE_TESTABILITY = YES;
				GCC_C_LANGUAGE_STANDARD = gnu11;
				GCC_DYNAMIC_NO_PIC = NO;
				GCC_NO_COMMON_BLOCKS = YES;
				GCC_OPTIMIZATION_LEVEL = 0;
				GCC_PREPROCESSOR_DEFINITIONS = (
					"DEBUG=1",
					"$(inherited)",
				);
				GCC_WARN_64_TO_32_BIT_CONVERSION = YES;
				GCC_WARN_ABOUT_RETURN_TYPE = YES_ERROR;
				GCC_WARN_UNDECLARED_SELECTOR = YES;
				GCC_WARN_UNINITIALIZED_AUTOS = YES_AGGRESSIVE;
				GCC_WARN_UNUSED_FUNCTION = YES;
				GCC_WARN_UNUSED_VARIABLE = YES;
				IPHONEOS_DEPLOYMENT_TARGET = 16.2;
				MTL_ENABLE_DEBUG_INFO = INCLUDE_SOURCE;
				MTL_FAST_MATH = YES;
				ONLY_ACTIVE_ARCH = YES;
				SDKROOT = iphoneos;
				SWIFT_ACTIVE_COMPILATION_CONDITIONS = DEBUG;
				SWIFT_OPTIMIZATION_LEVEL = "-Onone";
			};
			name = Debug;
		};
		C00EFBF129FD2DB100B953F4 /* Release */ = {
			isa = XCBuildConfiguration;
			buildSettings = {
				ALWAYS_SEARCH_USER_PATHS = NO;
				CLANG_ANALYZER_NONNULL = YES;
				CLANG_ANALYZER_NUMBER_OBJECT_CONVERSION = YES_AGGRESSIVE;
				CLANG_CXX_LANGUAGE_STANDARD = "gnu++20";
				CLANG_ENABLE_MODULES = YES;
				CLANG_ENABLE_OBJC_ARC = YES;
				CLANG_ENABLE_OBJC_WEAK = YES;
				CLANG_WARN_BLOCK_CAPTURE_AUTORELEASING = YES;
				CLANG_WARN_BOOL_CONVERSION = YES;
				CLANG_WARN_COMMA = YES;
				CLANG_WARN_CONSTANT_CONVERSION = YES;
				CLANG_WARN_DEPRECATED_OBJC_IMPLEMENTATIONS = YES;
				CLANG_WARN_DIRECT_OBJC_ISA_USAGE = YES_ERROR;
				CLANG_WARN_DOCUMENTATION_COMMENTS = YES;
				CLANG_WARN_EMPTY_BODY = YES;
				CLANG_WARN_ENUM_CONVERSION = YES;
				CLANG_WARN_INFINITE_RECURSION = YES;
				CLANG_WARN_INT_CONVERSION = YES;
				CLANG_WARN_NON_LITERAL_NULL_CONVERSION = YES;
				CLANG_WARN_OBJC_IMPLICIT_RETAIN_SELF = YES;
				CLANG_WARN_OBJC_LITERAL_CONVERSION = YES;
				CLANG_WARN_OBJC_ROOT_CLASS = YES_ERROR;
				CLANG_WARN_QUOTED_INCLUDE_IN_FRAMEWORK_HEADER = YES;
				CLANG_WARN_RANGE_LOOP_ANALYSIS = YES;
				CLANG_WARN_STRICT_PROTOTYPES = YES;
				CLANG_WARN_SUSPICIOUS_MOVE = YES;
				CLANG_WARN_UNGUARDED_AVAILABILITY = YES_AGGRESSIVE;
				CLANG_WARN_UNREACHABLE_CODE = YES;
				CLANG_WARN__DUPLICATE_METHOD_MATCH = YES;
				COPY_PHASE_STRIP = NO;
				DEBUG_INFORMATION_FORMAT = "dwarf-with-dsym";
				ENABLE_NS_ASSERTIONS = NO;
				ENABLE_STRICT_OBJC_MSGSEND = YES;
				GCC_C_LANGUAGE_STANDARD = gnu11;
				GCC_NO_COMMON_BLOCKS = YES;
				GCC_WARN_64_TO_32_BIT_CONVERSION = YES;
				GCC_WARN_ABOUT_RETURN_TYPE = YES_ERROR;
				GCC_WARN_UNDECLARED_SELECTOR = YES;
				GCC_WARN_UNINITIALIZED_AUTOS = YES_AGGRESSIVE;
				GCC_WARN_UNUSED_FUNCTION = YES;
				GCC_WARN_UNUSED_VARIABLE = YES;
				IPHONEOS_DEPLOYMENT_TARGET = 16.2;
				MTL_ENABLE_DEBUG_INFO = NO;
				MTL_FAST_MATH = YES;
				SDKROOT = iphoneos;
				SWIFT_COMPILATION_MODE = wholemodule;
				SWIFT_OPTIMIZATION_LEVEL = "-O";
				VALIDATE_PRODUCT = YES;
			};
			name = Release;
		};
		C00EFBF329FD2DB100B953F4 /* Debug */ = {
			isa = XCBuildConfiguration;
			buildSettings = {
				ASSETCATALOG_COMPILER_APPICON_NAME = AppIcon;
				ASSETCATALOG_COMPILER_GLOBAL_ACCENT_COLOR_NAME = AccentColor;
				CODE_SIGN_STYLE = Automatic;
				CURRENT_PROJECT_VERSION = 1;
				DEVELOPMENT_ASSET_PATHS = "\"MyNotes/Preview Content\"";
				DEVELOPMENT_TEAM = BLDRM47D73;
				ENABLE_PREVIEWS = YES;
				GENERATE_INFOPLIST_FILE = YES;
				INFOPLIST_KEY_UIApplicationSceneManifest_Generation = YES;
				INFOPLIST_KEY_UIApplicationSupportsIndirectInputEvents = YES;
				INFOPLIST_KEY_UILaunchScreen_Generation = YES;
				INFOPLIST_KEY_UISupportedInterfaceOrientations_iPad = "UIInterfaceOrientationPortrait UIInterfaceOrientationPortraitUpsideDown UIInterfaceOrientationLandscapeLeft UIInterfaceOrientationLandscapeRight";
				INFOPLIST_KEY_UISupportedInterfaceOrientations_iPhone = "UIInterfaceOrientationPortrait UIInterfaceOrientationLandscapeLeft UIInterfaceOrientationLandscapeRight";
				LD_RUNPATH_SEARCH_PATHS = (
					"$(inherited)",
					"@executable_path/Frameworks",
				);
				MARKETING_VERSION = 1.0;
				PRODUCT_BUNDLE_IDENTIFIER = com.muhammetkadir.MyNotes;
				PRODUCT_NAME = "$(TARGET_NAME)";
				SWIFT_EMIT_LOC_STRINGS = YES;
				SWIFT_VERSION = 5.0;
				TARGETED_DEVICE_FAMILY = "1,2";
			};
			name = Debug;
		};
		C00EFBF429FD2DB100B953F4 /* Release */ = {
			isa = XCBuildConfiguration;
			buildSettings = {
				ASSETCATALOG_COMPILER_APPICON_NAME = AppIcon;
				ASSETCATALOG_COMPILER_GLOBAL_ACCENT_COLOR_NAME = AccentColor;
				CODE_SIGN_STYLE = Automatic;
				CURRENT_PROJECT_VERSION = 1;
				DEVELOPMENT_ASSET_PATHS = "\"MyNotes/Preview Content\"";
				DEVELOPMENT_TEAM = BLDRM47D73;
				ENABLE_PREVIEWS = YES;
				GENERATE_INFOPLIST_FILE = YES;
				INFOPLIST_KEY_UIApplicationSceneManifest_Generation = YES;
				INFOPLIST_KEY_UIApplicationSupportsIndirectInputEvents = YES;
				INFOPLIST_KEY_UILaunchScreen_Generation = YES;
				INFOPLIST_KEY_UISupportedInterfaceOrientations_iPad = "UIInterfaceOrientationPortrait UIInterfaceOrientationPortraitUpsideDown UIInterfaceOrientationLandscapeLeft UIInterfaceOrientationLandscapeRight";
				INFOPLIST_KEY_UISupportedInterfaceOrientations_iPhone = "UIInterfaceOrientationPortrait UIInterfaceOrientationLandscapeLeft UIInterfaceOrientationLandscapeRight";
				LD_RUNPATH_SEARCH_PATHS = (
					"$(inherited)",
					"@executable_path/Frameworks",
				);
				MARKETING_VERSION = 1.0;
				PRODUCT_BUNDLE_IDENTIFIER = com.muhammetkadir.MyNotes;
				PRODUCT_NAME = "$(TARGET_NAME)";
				SWIFT_EMIT_LOC_STRINGS = YES;
				SWIFT_VERSION = 5.0;
				TARGETED_DEVICE_FAMILY = "1,2";
			};
			name = Release;
		};
/* End XCBuildConfiguration section */

/* Begin XCConfigurationList section */
		C00EFBDF29FD2DB000B953F4 /* Build configuration list for PBXProject "MyNotes" */ = {
			isa = XCConfigurationList;
			buildConfigurations = (
				C00EFBF029FD2DB100B953F4 /* Debug */,
				C00EFBF129FD2DB100B953F4 /* Release */,
			);
			defaultConfigurationIsVisible = 0;
			defaultConfigurationName = Release;
		};
		C00EFBF229FD2DB100B953F4 /* Build configuration list for PBXNativeTarget "MyNotes" */ = {
			isa = XCConfigurationList;
			buildConfigurations = (
				C00EFBF329FD2DB100B953F4 /* Debug */,
				C00EFBF429FD2DB100B953F4 /* Release */,
			);
			defaultConfigurationIsVisible = 0;
			defaultConfigurationName = Release;
		};
/* End XCConfigurationList section */

/* Begin XCRemoteSwiftPackageReference section */
		C023950929FD3ADC00B5B4BC /* XCRemoteSwiftPackageReference "firebase-ios-sdk" */ = {
			isa = XCRemoteSwiftPackageReference;
			repositoryURL = "https://github.com/firebase/firebase-ios-sdk";
			requirement = {
				kind = upToNextMajorVersion;
				minimumVersion = 10.0.0;
			};
		};
/* End XCRemoteSwiftPackageReference section */

/* Begin XCSwiftPackageProductDependency section */
		C023950A29FD3ADC00B5B4BC /* FirebaseAuth */ = {
			isa = XCSwiftPackageProductDependency;
			package = C023950929FD3ADC00B5B4BC /* XCRemoteSwiftPackageReference "firebase-ios-sdk" */;
			productName = FirebaseAuth;
		};
		C023950C29FD3ADC00B5B4BC /* FirebaseDatabase */ = {
			isa = XCSwiftPackageProductDependency;
			package = C023950929FD3ADC00B5B4BC /* XCRemoteSwiftPackageReference "firebase-ios-sdk" */;
			productName = FirebaseDatabase;
		};
		C023950E29FD3ADC00B5B4BC /* FirebaseFirestore */ = {
			isa = XCSwiftPackageProductDependency;
			package = C023950929FD3ADC00B5B4BC /* XCRemoteSwiftPackageReference "firebase-ios-sdk" */;
			productName = FirebaseFirestore;
		};
		C023951029FD3ADC00B5B4BC /* FirebaseStorage */ = {
			isa = XCSwiftPackageProductDependency;
			package = C023950929FD3ADC00B5B4BC /* XCRemoteSwiftPackageReference "firebase-ios-sdk" */;
			productName = FirebaseStorage;
		};
/* End XCSwiftPackageProductDependency section */
	};
	rootObject = C00EFBDC29FD2DB000B953F4 /* Project object */;
}
